
Microsoft Visual Studio Solution File, Format Version 12.00
# Visual Studio Version 17
VisualStudioVersion = 17.0.31903.59
MinimumVisualStudioVersion = 10.0.40219.1
Project("{2150E333-8FDC-42A3-9474-1A3956D46DE8}") = "AndroidCommandLineTools", "AndroidCommandLineTools", "{3F742FCC-68C5-434F-AA7B-FD247791D7EA}"
EndProject
Project("{FAE04EC0-301F-11D3-BF4B-00C04F79EFBC}") = "AndroidCommandLineTools.Main", "AndroidCommandLineTools\Main\AndroidCommandLineTools.Main.csproj", "{76DD5CCA-8B58-435F-A23B-38334B5DA687}"
EndProject
Project("{FAE04EC0-301F-11D3-BF4B-00C04F79EFBC}") = "AndroidCommandLineTools.Tests", "AndroidCommandLineTools\Tests\AndroidCommandLineTools.Tests.csproj", "{A7749DD6-1FF1-4D4F-8CF0-E6E4C0E15DE3}"
EndProject
Global
	GlobalSection(SolutionConfigurationPlatforms) = preSolution
		Debug|Any CPU = Debug|Any CPU
		Release|Any CPU = Release|Any CPU
	EndGlobalSection
	GlobalSection(SolutionProperties) = preSolution
		HideSolutionNode = FALSE
	EndGlobalSection
	GlobalSection(ProjectConfigurationPlatforms) = postSolution
		{76DD5CCA-8B58-435F-A23B-38334B5DA687}.Debug|Any CPU.ActiveCfg = Debug|Any CPU
		{76DD5CCA-8B58-435F-A23B-38334B5DA687}.Debug|Any CPU.Build.0 = Debug|Any CPU
		{76DD5CCA-8B58-435F-A23B-38334B5DA687}.Release|Any CPU.ActiveCfg = Release|Any CPU
		{76DD5CCA-8B58-435F-A23B-38334B5DA687}.Release|Any CPU.Build.0 = Release|Any CPU
		{A7749DD6-1FF1-4D4F-8CF0-E6E4C0E15DE3}.Debug|Any CPU.ActiveCfg = Debug|Any CPU
		{A7749DD6-1FF1-4D4F-8CF0-E6E4C0E15DE3}.Debug|Any CPU.Build.0 = Debug|Any CPU
		{A7749DD6-1FF1-4D4F-8CF0-E6E4C0E15DE3}.Release|Any CPU.ActiveCfg = Release|Any CPU
		{A7749DD6-1FF1-4D4F-8CF0-E6E4C0E15DE3}.Release|Any CPU.Build.0 = Release|Any CPU
	EndGlobalSection
	GlobalSection(NestedProjects) = preSolution
		{76DD5CCA-8B58-435F-A23B-38334B5DA687} = {3F742FCC-68C5-434F-AA7B-FD247791D7EA}
		{A7749DD6-1FF1-4D4F-8CF0-E6E4C0E15DE3} = {3F742FCC-68C5-434F-AA7B-FD247791D7EA}
	EndGlobalSection
EndGlobal
